{
  "name": "dorms-server",
  "version": "1.0.0",
  "lockfileVersion": 1,
  "requires": true,
  "dependencies": {
    "@hono/node-server": {
      "version": "1.2.0",
      "resolved": "https://registry.npmjs.org/@hono/node-server/-/node-server-1.2.0.tgz",
      "integrity": "sha512-aHT8lDMLpd7ioXJ1/057+h+oE/k7rCOWmjklYDsE0jE4CoNB9XzG4f8dRHvw4s5HJFocaYDiGgYM/V0kYbQ0ww=="
    },
    "hono": {
      "version": "3.8.3",
      "resolved": "https://registry.npmjs.org/hono/-/hono-3.8.3.tgz",
      "integrity": "sha512-NLJgUCKKMvijBy+V+U1FQTsNwHk2bD1KGlWJA9+qaCNWgx5St9bhfQwxrpcTGvG2Gi2naemTWCzBavDNXOqO6Q=="
    },
    "nanoid": {
      "version": "5.0.2",
      "resolved": "https://registry.npmjs.org/nanoid/-/nanoid-5.0.2.tgz",
      "integrity": "sha512-2ustYUX1R2rL/Br5B/FMhi8d5/QzvkJ912rBYxskcpu0myTHzSZfTr1LAS2Sm7jxRUObRrSBFoyzwAhL49aVSg=="
    },
    "ws": {
      "version": "8.14.2",
      "resolved": "https://registry.npmjs.org/ws/-/ws-8.14.2.tgz",
      "integrity": "sha512-wEBG1ftX4jcglPxgFCMJmZ2PLtSbJ2Peg6TmpJFTbe9GZYOQCDPdMYu/Tm0/bGZkw8paZnJY45J4K2PZrLYq8g=="
    }
  }
}
